<?xml version="1.0" encoding="utf-8"?>
<Project ToolsVersion="4.0" xmlns="http://schemas.microsoft.com/developer/msbuild/2003">
  <ItemGroup>
    <Filter Include="Header Files">
      <UniqueIdentifier>{93995380-89BD-4b04-88EB-625FBE52EBFB}</UniqueIdentifier>
      <Extensions>h;hh;hpp;hxx;hm;inl;inc;xsd</Extensions>
    </Filter>
    <Filter Include="Library Files">
      <UniqueIdentifier>{b5a73e00-2ebb-4486-bb84-d0c67b41c0a3}</UniqueIdentifier>
    </Filter>
    <Filter Include="Library Files\glad">
      <UniqueIdentifier>{60a3b763-f324-45e0-a8ec-93f0d0875b3f}</UniqueIdentifier>
    </Filter>
    <Filter Include="Library Files\rhea">
      <UniqueIdentifier>{c195a77c-4bfa-407d-aac4-caca921c1d87}</UniqueIdentifier>
    </Filter>
    <Filter Include="Resource Files">
      <UniqueIdentifier>{67DA6AB6-F800-4c08-8B7A-83BB121AAD01}</UniqueIdentifier>
      <Extensions>rc;ico;cur;bmp;dlg;rc2;rct;bin;rgs;gif;jpg;jpeg;jpe;resx;tiff;tif;png;wav;mfcribbon-ms</Extensions>
    </Filter>
    <Filter Include="Source Files">
      <UniqueIdentifier>{4FC737F1-C7A5-4376-A066-2A32D752A2FF}</UniqueIdentifier>
      <Extensions>cpp;c;cc;cxx;def;odl;idl;hpj;bat;asm;asmx</Extensions>
    </Filter>
    <Filter Include="Source Files\block">
      <UniqueIdentifier>{a012aa91-b982-4a7e-bdc7-071ef60fdcea}</UniqueIdentifier>
    </Filter>
    <Filter Include="Source Files\block\enums">
      <UniqueIdentifier>{3a324eb9-e0c3-4045-a21c-7f1fa49b24de}</UniqueIdentifier>
    </Filter>
    <Filter Include="Source Files\chunk">
      <UniqueIdentifier>{29c59fd3-eb51-4332-b89c-9bc6e03c2419}</UniqueIdentifier>
    </Filter>
    <Filter Include="Source Files\chunk\Mesher">
      <UniqueIdentifier>{de806ec2-e5b6-467d-8548-4e1842c505f2}</UniqueIdentifier>
    </Filter>
    <Filter Include="Source Files\console">
      <UniqueIdentifier>{58e4f81d-686e-49a3-9090-e704e26ed3f0}</UniqueIdentifier>
    </Filter>
    <Filter Include="Source Files\event">
      <UniqueIdentifier>{37082c02-792f-46d8-90d1-2ae066e1df31}</UniqueIdentifier>
    </Filter>
    <Filter Include="Source Files\event\type">
      <UniqueIdentifier>{f30b2b9f-e351-4567-80b3-b047d6c79db0}</UniqueIdentifier>
    </Filter>
    <Filter Include="Source Files\fwd">
      <UniqueIdentifier>{6053e07a-9054-4e9a-8545-88d67164cd4f}</UniqueIdentifier>
    </Filter>
    <Filter Include="Source Files\fwd\block">
      <UniqueIdentifier>{2e991b79-10b4-4971-ac81-972bc291b189}</UniqueIdentifier>
    </Filter>
    <Filter Include="Source Files\fwd\block\enums">
      <UniqueIdentifier>{c5cd91e1-7e07-4a92-bb49-055cf33bba62}</UniqueIdentifier>
    </Filter>
    <Filter Include="Source Files\fwd\chunk">
      <UniqueIdentifier>{01349fd2-eff2-422c-bbe6-9750f4a873d0}</UniqueIdentifier>
    </Filter>
    <Filter Include="Source Files\fwd\chunk\Mesher">
      <UniqueIdentifier>{8a076aa8-1e1e-407e-8ea6-db323017b911}</UniqueIdentifier>
    </Filter>
    <Filter Include="Source Files\fwd\console">
      <UniqueIdentifier>{dc97fcfa-b569-47c0-845a-00c195f13cfa}</UniqueIdentifier>
    </Filter>
    <Filter Include="Source Files\fwd\event">
      <UniqueIdentifier>{7dc147c8-8444-4963-8a42-aefd7b8af183}</UniqueIdentifier>
    </Filter>
    <Filter Include="Source Files\fwd\graphics">
      <UniqueIdentifier>{98aa5398-ba3a-4000-aed2-06fe4b911b58}</UniqueIdentifier>
    </Filter>
    <Filter Include="Source Files\fwd\graphics\GUI">
      <UniqueIdentifier>{fef58a2b-c4ab-49d9-ae9b-755316e258d6}</UniqueIdentifier>
    </Filter>
    <Filter Include="Source Files\fwd\graphics\GUI\Widget">
      <UniqueIdentifier>{74313090-4a51-4165-b372-7ed4e5abae6d}</UniqueIdentifier>
    </Filter>
    <Filter Include="Source Files\fwd\graphics\GUI\Widget\Component">
      <UniqueIdentifier>{6ac42d72-381f-452a-a1af-db3b17f7c526}</UniqueIdentifier>
    </Filter>
    <Filter Include="Source Files\fwd\graphics\opengl">
      <UniqueIdentifier>{793bb1fc-c527-4d00-b6aa-ce07a71db182}</UniqueIdentifier>
    </Filter>
    <Filter Include="Source Files\fwd\physics">
      <UniqueIdentifier>{4cfdbb4c-48ac-4771-8077-32611e7c0a78}</UniqueIdentifier>
    </Filter>
    <Filter Include="Source Files\fwd\position">
      <UniqueIdentifier>{b0dd86e5-d480-4a06-8495-479db4156338}</UniqueIdentifier>
    </Filter>
    <Filter Include="Source Files\fwd\storage">
      <UniqueIdentifier>{403ec745-3f84-4973-86f5-da13ae2e3db0}</UniqueIdentifier>
    </Filter>
    <Filter Include="Source Files\fwd\util">
      <UniqueIdentifier>{f5cdab4d-cd32-40f8-bca4-49c418b42187}</UniqueIdentifier>
    </Filter>
    <Filter Include="Source Files\graphics">
      <UniqueIdentifier>{36807984-d650-41f3-ae05-e0b5e513eb36}</UniqueIdentifier>
    </Filter>
    <Filter Include="Source Files\graphics\GUI">
      <UniqueIdentifier>{a0d669de-a20c-4261-8d47-cf511c17f3b8}</UniqueIdentifier>
    </Filter>
    <Filter Include="Source Files\graphics\opengl">
      <UniqueIdentifier>{bfbbae94-db9b-42d0-a924-53fcf1f66aba}</UniqueIdentifier>
    </Filter>
    <Filter Include="Source Files\graphics\GUI\Widget">
      <UniqueIdentifier>{56acf8da-8b15-4771-a667-09e47564ca02}</UniqueIdentifier>
    </Filter>
    <Filter Include="Source Files\graphics\GUI\Widget\Component">
      <UniqueIdentifier>{3a392f6a-7a31-4af7-aeae-ecbdbf993000}</UniqueIdentifier>
    </Filter>
    <Filter Include="Source Files\physics">
      <UniqueIdentifier>{20237342-118b-4a10-9b20-ea21fb93c818}</UniqueIdentifier>
    </Filter>
    <Filter Include="Source Files\plugin">
      <UniqueIdentifier>{f59ea94a-f90f-4fba-975c-2367fda06190}</UniqueIdentifier>
    </Filter>
    <Filter Include="Source Files\position">
      <UniqueIdentifier>{c2b2ac64-0a95-40ae-9af9-ff4c2ee7cd0e}</UniqueIdentifier>
    </Filter>
    <Filter Include="Source Files\shim">
      <UniqueIdentifier>{b1b7443f-1c46-4499-ace3-8a5a1abd6ea7}</UniqueIdentifier>
    </Filter>
    <Filter Include="Source Files\storage">
      <UniqueIdentifier>{c92d8202-a09c-4899-9473-4da95c8127bf}</UniqueIdentifier>
    </Filter>
    <Filter Include="Source Files\storage\msgpack">
      <UniqueIdentifier>{d996c202-86bc-4d07-99d5-7b0ae3069efc}</UniqueIdentifier>
    </Filter>
    <Filter Include="Source Files\types">
      <UniqueIdentifier>{49e5f540-9b80-4172-ad87-3e442590bf8f}</UniqueIdentifier>
    </Filter>
    <Filter Include="Source Files\util">
      <UniqueIdentifier>{96c98183-725e-4f44-96b2-0b52d1d9f53e}</UniqueIdentifier>
    </Filter>
    <Filter Include="Source Files\world">
      <UniqueIdentifier>{bf952ba5-1665-4b08-a140-3f9fc9feba39}</UniqueIdentifier>
    </Filter>
  </ItemGroup>
  <ItemGroup>
    <ClCompile Include="..\..\lib\glad\glad.c">
      <Filter>Library Files\glad</Filter>
    </ClCompile>
    <ClCompile Include="..\..\lib\rhea\abstract_variable.cpp">
      <Filter>Library Files\rhea</Filter>
    </ClCompile>
    <ClCompile Include="..\..\lib\rhea\action_variable.cpp">
      <Filter>Library Files\rhea</Filter>
    </ClCompile>
    <ClCompile Include="..\..\lib\rhea\errors.cpp">
      <Filter>Library Files\rhea</Filter>
    </ClCompile>
    <ClCompile Include="..\..\lib\rhea\float_variable.cpp">
      <Filter>Library Files\rhea</Filter>
    </ClCompile>
    <ClCompile Include="..\..\lib\rhea\link_variable.cpp">
      <Filter>Library Files\rhea</Filter>
    </ClCompile>
    <ClCompile Include="..\..\lib\rhea\simplex_solver.cpp">
      <Filter>Library Files\rhea</Filter>
    </ClCompile>
    <ClCompile Include="..\..\lib\rhea\symbol.cpp">
      <Filter>Library Files\rhea</Filter>
    </ClCompile>
    <ClCompile Include="..\..\src\camera.cpp">
      <Filter>Source Files</Filter>
    </ClCompile>
    <ClCompile Include="..\..\src\game.cpp">
      <Filter>Source Files</Filter>
    </ClCompile>
    <ClCompile Include="..\..\src\Gfx.cpp">
      <Filter>Source Files</Filter>
    </ClCompile>
    <ClCompile Include="..\..\src\language.cpp">
      <Filter>Source Files</Filter>
    </ClCompile>
    <ClCompile Include="..\..\src\main.cpp">
      <Filter>Source Files</Filter>
    </ClCompile>
    <ClCompile Include="..\..\src\Player.cpp">
      <Filter>Source Files</Filter>
    </ClCompile>
    <ClCompile Include="..\..\src\resource_manager.cpp">
      <Filter>Source Files</Filter>
    </ClCompile>
    <ClCompile Include="..\..\src\settings.cpp">
      <Filter>Source Files</Filter>
    </ClCompile>
    <ClCompile Include="..\..\src\block\air.cpp">
      <Filter>Source Files\block</Filter>
    </ClCompile>
    <ClCompile Include="..\..\src\block\base.cpp">
      <Filter>Source Files\block</Filter>
    </ClCompile>
    <ClCompile Include="..\..\src\block\BlockRegistry.cpp">
      <Filter>Source Files\block</Filter>
    </ClCompile>
    <ClCompile Include="..\..\src\block\none.cpp">
      <Filter>Source Files\block</Filter>
    </ClCompile>
    <ClCompile Include="..\..\src\block\rotation_util.cpp">
      <Filter>Source Files\block</Filter>
    </ClCompile>
    <ClCompile Include="..\..\src\block\teleporter.cpp">
      <Filter>Source Files\block</Filter>
    </ClCompile>
    <ClCompile Include="..\..\src\block\test.cpp">
      <Filter>Source Files\block</Filter>
    </ClCompile>
    <ClCompile Include="..\..\src\block\test_light.cpp">
      <Filter>Source Files\block</Filter>
    </ClCompile>
    <ClCompile Include="..\..\src\block\textured.cpp">
      <Filter>Source Files\block</Filter>
    </ClCompile>
    <ClCompile Include="..\..\src\block\unknown.cpp">
      <Filter>Source Files\block</Filter>
    </ClCompile>
    <ClCompile Include="..\..\src\block\enums\Face.cpp">
      <Filter>Source Files\block\enums</Filter>
    </ClCompile>
    <ClCompile Include="..\..\src\block\enums\type.cpp">
      <Filter>Source Files\block\enums</Filter>
    </ClCompile>
    <ClCompile Include="..\..\src\block\enums\visibility_type.cpp">
      <Filter>Source Files\block\enums</Filter>
    </ClCompile>
    <ClCompile Include="..\..\src\chunk\Chunk.cpp">
      <Filter>Source Files\chunk</Filter>
    </ClCompile>
    <ClCompile Include="..\..\src\chunk\Mesher\base.cpp">
      <Filter>Source Files\chunk\Mesher</Filter>
    </ClCompile>
    <ClCompile Include="..\..\src\chunk\Mesher\Greedy.cpp">
      <Filter>Source Files\chunk\Mesher</Filter>
    </ClCompile>
    <ClCompile Include="..\..\src\chunk\Mesher\Simple.cpp">
      <Filter>Source Files\chunk\Mesher</Filter>
    </ClCompile>
    <ClCompile Include="..\..\src\chunk\Mesher\Simple2.cpp">
      <Filter>Source Files\chunk\Mesher</Filter>
    </ClCompile>
    <ClCompile Include="..\..\src\console\ArgumentParser.cpp">
      <Filter>Source Files\console</Filter>
    </ClCompile>
    <ClCompile Include="..\..\src\console\Command.cpp">
      <Filter>Source Files\console</Filter>
    </ClCompile>
    <ClCompile Include="..\..\src\console\Console.cpp">
      <Filter>Source Files\console</Filter>
    </ClCompile>
    <ClCompile Include="..\..\src\console\KeybindManager.cpp">
      <Filter>Source Files\console</Filter>
    </ClCompile>
    <ClCompile Include="..\..\src\event\Event.cpp">
      <Filter>Source Files\event</Filter>
    </ClCompile>
    <ClCompile Include="..\..\src\event\EventManager.cpp">
      <Filter>Source Files\event</Filter>
    </ClCompile>
    <ClCompile Include="..\..\src\event\type\Event_change_setting.cpp">
      <Filter>Source Files\event\type</Filter>
    </ClCompile>
    <ClCompile Include="..\..\src\event\type\Event_enter_block.cpp">
      <Filter>Source Files\event\type</Filter>
    </ClCompile>
    <ClCompile Include="..\..\src\event\type\Event_window_size_change.cpp">
      <Filter>Source Files\event\type</Filter>
    </ClCompile>
    <ClCompile Include="..\..\src\graphics\color.cpp">
      <Filter>Source Files\graphics</Filter>
    </ClCompile>
    <ClCompile Include="..\..\src\graphics\default_view_frustum.cpp">
      <Filter>Source Files\graphics</Filter>
    </ClCompile>
    <ClCompile Include="..\..\src\graphics\frustum.cpp">
      <Filter>Source Files\graphics</Filter>
    </ClCompile>
    <ClCompile Include="..\..\src\graphics\image.cpp">
      <Filter>Source Files\graphics</Filter>
    </ClCompile>
    <ClCompile Include="..\..\src\graphics\plane.cpp">
      <Filter>Source Files\graphics</Filter>
    </ClCompile>
    <ClCompile Include="..\..\src\graphics\render_target.cpp">
      <Filter>Source Files\graphics</Filter>
    </ClCompile>
    <ClCompile Include="..\..\src\graphics\render_world.cpp">
      <Filter>Source Files\graphics</Filter>
    </ClCompile>
    <ClCompile Include="..\..\src\graphics\text.cpp">
      <Filter>Source Files\graphics</Filter>
    </ClCompile>
    <ClCompile Include="..\..\src\graphics\GUI\Base.cpp">
      <Filter>Source Files\graphics\GUI</Filter>
    </ClCompile>
    <ClCompile Include="..\..\src\graphics\GUI\Console.cpp">
      <Filter>Source Files\graphics\GUI</Filter>
    </ClCompile>
    <ClCompile Include="..\..\src\graphics\GUI\light.cpp">
      <Filter>Source Files\graphics\GUI</Filter>
    </ClCompile>
    <ClCompile Include="..\..\src\graphics\GUI\Pause.cpp">
      <Filter>Source Files\graphics\GUI</Filter>
    </ClCompile>
    <ClCompile Include="..\..\src\graphics\GUI\Play.cpp">
      <Filter>Source Files\graphics\GUI</Filter>
    </ClCompile>
    <ClCompile Include="..\..\src\graphics\GUI\Widget\Base.cpp">
      <Filter>Source Files\graphics\GUI\Widget</Filter>
    </ClCompile>
    <ClCompile Include="..\..\src\graphics\GUI\Widget\Button.cpp">
      <Filter>Source Files\graphics\GUI\Widget</Filter>
    </ClCompile>
    <ClCompile Include="..\..\src\graphics\GUI\Widget\Container.cpp">
      <Filter>Source Files\graphics\GUI\Widget</Filter>
    </ClCompile>
    <ClCompile Include="..\..\src\graphics\GUI\Widget\Text.cpp">
      <Filter>Source Files\graphics\GUI\Widget</Filter>
    </ClCompile>
    <ClCompile Include="..\..\src\graphics\GUI\Widget\text_input.cpp">
      <Filter>Source Files\graphics\GUI\Widget</Filter>
    </ClCompile>
    <ClCompile Include="..\..\src\graphics\GUI\Widget\Component\Base.cpp">
      <Filter>Source Files\graphics\GUI\Widget\Component</Filter>
    </ClCompile>
    <ClCompile Include="..\..\src\graphics\GUI\Widget\Component\Text.cpp">
      <Filter>Source Files\graphics\GUI\Widget\Component</Filter>
    </ClCompile>
    <ClCompile Include="..\..\src\graphics\opengl\framebuffer.cpp">
      <Filter>Source Files\graphics\opengl</Filter>
    </ClCompile>
    <ClCompile Include="..\..\src\graphics\opengl\renderbuffer.cpp">
      <Filter>Source Files\graphics\opengl</Filter>
    </ClCompile>
    <ClCompile Include="..\..\src\graphics\opengl\shader_object.cpp">
      <Filter>Source Files\graphics\opengl</Filter>
    </ClCompile>
    <ClCompile Include="..\..\src\graphics\opengl\shader_program.cpp">
      <Filter>Source Files\graphics\opengl</Filter>
    </ClCompile>
    <ClCompile Include="..\..\src\graphics\opengl\texture.cpp">
      <Filter>Source Files\graphics\opengl</Filter>
    </ClCompile>
    <ClCompile Include="..\..\src\graphics\opengl\vertex_array.cpp">
      <Filter>Source Files\graphics\opengl</Filter>
    </ClCompile>
    <ClCompile Include="..\..\src\graphics\opengl\vertex_buffer.cpp">
      <Filter>Source Files\graphics\opengl</Filter>
    </ClCompile>
    <ClCompile Include="..\..\src\physics\AABB.cpp">
      <Filter>Source Files\physics</Filter>
    </ClCompile>
    <ClCompile Include="..\..\src\physics\ray.cpp">
      <Filter>Source Files\physics</Filter>
    </ClCompile>
    <ClCompile Include="..\..\src\physics\raycast_hit.cpp">
      <Filter>Source Files\physics</Filter>
    </ClCompile>
    <ClCompile Include="..\..\src\physics\raycast_util.cpp">
      <Filter>Source Files\physics</Filter>
    </ClCompile>
    <ClCompile Include="..\..\src\plugin\Plugin.cpp">
      <Filter>Source Files\plugin</Filter>
    </ClCompile>
    <ClCompile Include="..\..\src\plugin\PluginManager.cpp">
      <Filter>Source Files\plugin</Filter>
    </ClCompile>
    <ClCompile Include="..\..\src\position\block_in_chunk.cpp">
      <Filter>Source Files\position</Filter>
    </ClCompile>
    <ClCompile Include="..\..\src\position\block_in_world.cpp">
      <Filter>Source Files\position</Filter>
    </ClCompile>
    <ClCompile Include="..\..\src\position\chunk_in_world.cpp">
      <Filter>Source Files\position</Filter>
    </ClCompile>
    <ClCompile Include="..\..\src\storage\Interface.cpp">
      <Filter>Source Files\storage</Filter>
    </ClCompile>
    <ClCompile Include="..\..\src\storage\world_file.cpp">
      <Filter>Source Files\storage</Filter>
    </ClCompile>
    <ClCompile Include="..\..\src\util\char_press.cpp">
      <Filter>Source Files\util</Filter>
    </ClCompile>
    <ClCompile Include="..\..\src\util\clipboard.cpp">
      <Filter>Source Files\util</Filter>
    </ClCompile>
    <ClCompile Include="..\..\src\util\compiler_info.cpp">
      <Filter>Source Files\util</Filter>
    </ClCompile>
    <ClCompile Include="..\..\src\util\copy_stream.cpp">
      <Filter>Source Files\util</Filter>
    </ClCompile>
    <ClCompile Include="..\..\src\util\demangled_name.cpp">
      <Filter>Source Files\util</Filter>
    </ClCompile>
    <ClCompile Include="..\..\src\util\FileWatcher.cpp">
      <Filter>Source Files\util</Filter>
    </ClCompile>
    <ClCompile Include="..\..\src\util\gui_parser.cpp">
      <Filter>Source Files\util</Filter>
    </ClCompile>
    <ClCompile Include="..\..\src\util\key_mods.cpp">
      <Filter>Source Files\util</Filter>
    </ClCompile>
    <ClCompile Include="..\..\src\util\key_press.cpp">
      <Filter>Source Files\util</Filter>
    </ClCompile>
    <ClCompile Include="..\..\src\util\logger.cpp">
      <Filter>Source Files\util</Filter>
    </ClCompile>
    <ClCompile Include="..\..\src\util\misc.cpp">
      <Filter>Source Files\util</Filter>
    </ClCompile>
    <ClCompile Include="..\..\src\util\mouse_press.cpp">
      <Filter>Source Files\util</Filter>
    </ClCompile>
    <ClCompile Include="..\..\src\util\unicode.cpp">
      <Filter>Source Files\util</Filter>
    </ClCompile>
    <ClCompile Include="..\..\src\world\world.cpp">
      <Filter>Source Files\world</Filter>
    </ClCompile>
  </ItemGroup>
  <ItemGroup>
    <ClInclude Include="..\..\lib\glad\glad.h">
      <Filter>Library Files\glad</Filter>
    </ClInclude>
    <ClInclude Include="..\..\lib\rhea\abstract_variable.hpp">
      <Filter>Library Files\rhea</Filter>
    </ClInclude>
    <ClInclude Include="..\..\lib\rhea\action_variable.hpp">
      <Filter>Library Files\rhea</Filter>
    </ClInclude>
    <ClInclude Include="..\..\lib\rhea\approx.hpp">
      <Filter>Library Files\rhea</Filter>
    </ClInclude>
    <ClInclude Include="..\..\lib\rhea\constraint.hpp">
      <Filter>Library Files\rhea</Filter>
    </ClInclude>
    <ClInclude Include="..\..\lib\rhea\errors.hpp">
      <Filter>Library Files\rhea</Filter>
    </ClInclude>
    <ClInclude Include="..\..\lib\rhea\expression.hpp">
      <Filter>Library Files\rhea</Filter>
    </ClInclude>
    <ClInclude Include="..\..\lib\rhea\float_variable.hpp">
      <Filter>Library Files\rhea</Filter>
    </ClInclude>
    <ClInclude Include="..\..\lib\rhea\iostream.hpp">
      <Filter>Library Files\rhea</Filter>
    </ClInclude>
    <ClInclude Include="..\..\lib\rhea\linear_expression.hpp">
      <Filter>Library Files\rhea</Filter>
    </ClInclude>
    <ClInclude Include="..\..\lib\rhea\link_variable.hpp">
      <Filter>Library Files\rhea</Filter>
    </ClInclude>
    <ClInclude Include="..\..\lib\rhea\relation.hpp">
      <Filter>Library Files\rhea</Filter>
    </ClInclude>
    <ClInclude Include="..\..\lib\rhea\simplex_solver.hpp">
      <Filter>Library Files\rhea</Filter>
    </ClInclude>
    <ClInclude Include="..\..\lib\rhea\stays.hpp">
      <Filter>Library Files\rhea</Filter>
    </ClInclude>
    <ClInclude Include="..\..\lib\rhea\strength.hpp">
      <Filter>Library Files\rhea</Filter>
    </ClInclude>
    <ClInclude Include="..\..\lib\rhea\symbol.hpp">
      <Filter>Library Files\rhea</Filter>
    </ClInclude>
    <ClInclude Include="..\..\lib\rhea\variable.hpp">
      <Filter>Library Files\rhea</Filter>
    </ClInclude>
    <ClInclude Include="..\..\src\camera.hpp">
      <Filter>Source Files</Filter>
    </ClInclude>
    <ClInclude Include="..\..\src\fps_manager.hpp">
      <Filter>Source Files</Filter>
    </ClInclude>
    <ClInclude Include="..\..\src\game.hpp">
      <Filter>Source Files</Filter>
    </ClInclude>
    <ClInclude Include="..\..\src\Gfx.hpp">
      <Filter>Source Files</Filter>
    </ClInclude>
    <ClInclude Include="..\..\src\language.hpp">
      <Filter>Source Files</Filter>
    </ClInclude>
    <ClInclude Include="..\..\src\Player.hpp">
      <Filter>Source Files</Filter>
    </ClInclude>
    <ClInclude Include="..\..\src\resource_manager.hpp">
      <Filter>Source Files</Filter>
    </ClInclude>
    <ClInclude Include="..\..\src\settings.hpp">
      <Filter>Source Files</Filter>
    </ClInclude>
    <ClInclude Include="..\..\src\block\air.hpp">
      <Filter>Source Files\block</Filter>
    </ClInclude>
    <ClInclude Include="..\..\src\block\base.hpp">
      <Filter>Source Files\block</Filter>
    </ClInclude>
    <ClInclude Include="..\..\src\block\BlockRegistry.hpp">
      <Filter>Source Files\block</Filter>
    </ClInclude>
    <ClInclude Include="..\..\src\block\none.hpp">
      <Filter>Source Files\block</Filter>
    </ClInclude>
    <ClInclude Include="..\..\src\block\rotation_util.hpp">
      <Filter>Source Files\block</Filter>
    </ClInclude>
    <ClInclude Include="..\..\src\block\teleporter.hpp">
      <Filter>Source Files\block</Filter>
    </ClInclude>
    <ClInclude Include="..\..\src\block\test.hpp">
      <Filter>Source Files\block</Filter>
    </ClInclude>
    <ClInclude Include="..\..\src\block\test_light.hpp">
      <Filter>Source Files\block</Filter>
    </ClInclude>
    <ClInclude Include="..\..\src\block\textured.hpp">
      <Filter>Source Files\block</Filter>
    </ClInclude>
    <ClInclude Include="..\..\src\block\unknown.hpp">
      <Filter>Source Files\block</Filter>
    </ClInclude>
    <ClInclude Include="..\..\src\block\enums\Face.hpp">
      <Filter>Source Files\block\enums</Filter>
    </ClInclude>
    <ClInclude Include="..\..\src\block\enums\type.hpp">
      <Filter>Source Files\block\enums</Filter>
    </ClInclude>
    <ClInclude Include="..\..\src\block\enums\visibility_type.hpp">
      <Filter>Source Files\block\enums</Filter>
    </ClInclude>
    <ClInclude Include="..\..\src\chunk\Chunk.hpp">
      <Filter>Source Files\chunk</Filter>
    </ClInclude>
    <ClInclude Include="..\..\src\chunk\ChunkData.hpp">
      <Filter>Source Files\chunk</Filter>
    </ClInclude>
    <ClInclude Include="..\..\src\chunk\Mesher\base.hpp">
      <Filter>Source Files\chunk\Mesher</Filter>
    </ClInclude>
    <ClInclude Include="..\..\src\chunk\Mesher\Greedy.hpp">
      <Filter>Source Files\chunk\Mesher</Filter>
    </ClInclude>
    <ClInclude Include="..\..\src\chunk\Mesher\Simple.hpp">
      <Filter>Source Files\chunk\Mesher</Filter>
    </ClInclude>
    <ClInclude Include="..\..\src\chunk\Mesher\Simple2.hpp">
      <Filter>Source Files\chunk\Mesher</Filter>
    </ClInclude>
    <ClInclude Include="..\..\src\console\ArgumentParser.hpp">
      <Filter>Source Files\console</Filter>
    </ClInclude>
    <ClInclude Include="..\..\src\console\Command.hpp">
      <Filter>Source Files\console</Filter>
    </ClInclude>
    <ClInclude Include="..\..\src\console\Console.hpp">
      <Filter>Source Files\console</Filter>
    </ClInclude>
    <ClInclude Include="..\..\src\console\KeybindManager.hpp">
      <Filter>Source Files\console</Filter>
    </ClInclude>
    <ClInclude Include="..\..\src\event\Event.hpp">
      <Filter>Source Files\event</Filter>
    </ClInclude>
    <ClInclude Include="..\..\src\event\EventManager.hpp">
      <Filter>Source Files\event</Filter>
    </ClInclude>
    <ClInclude Include="..\..\src\event\EventType.hpp">
      <Filter>Source Files\event</Filter>
    </ClInclude>
    <ClInclude Include="..\..\src\event\type\Event_change_setting.hpp">
      <Filter>Source Files\event\type</Filter>
    </ClInclude>
    <ClInclude Include="..\..\src\event\type\Event_enter_block.hpp">
      <Filter>Source Files\event\type</Filter>
    </ClInclude>
    <ClInclude Include="..\..\src\event\type\Event_window_size_change.hpp">
      <Filter>Source Files\event\type</Filter>
    </ClInclude>
    <ClInclude Include="..\..\src\fwd\game.hpp">
      <Filter>Source Files\fwd</Filter>
    </ClInclude>
    <ClInclude Include="..\..\src\fwd\Gfx.hpp">
      <Filter>Source Files\fwd</Filter>
    </ClInclude>
    <ClInclude Include="..\..\src\fwd\Player.hpp">
      <Filter>Source Files\fwd</Filter>
    </ClInclude>
    <ClInclude Include="..\..\src\fwd\resource_manager.hpp">
      <Filter>Source Files\fwd</Filter>
    </ClInclude>
    <ClInclude Include="..\..\src\fwd\block\base.hpp">
      <Filter>Source Files\fwd\block</Filter>
    </ClInclude>
    <ClInclude Include="..\..\src\fwd\block\BlockRegistry.hpp">
      <Filter>Source Files\fwd\block</Filter>
    </ClInclude>
    <ClInclude Include="..\..\src\fwd\block\test_light.hpp">
      <Filter>Source Files\fwd\block</Filter>
    </ClInclude>
    <ClInclude Include="..\..\src\fwd\block\enums\Face.hpp">
      <Filter>Source Files\fwd\block\enums</Filter>
    </ClInclude>
    <ClInclude Include="..\..\src\fwd\block\enums\type.hpp">
      <Filter>Source Files\fwd\block\enums</Filter>
    </ClInclude>
    <ClInclude Include="..\..\src\fwd\block\enums\visibility_type.hpp">
      <Filter>Source Files\fwd\block\enums</Filter>
    </ClInclude>
    <ClInclude Include="..\..\src\fwd\chunk\Chunk.hpp">
      <Filter>Source Files\fwd\chunk</Filter>
    </ClInclude>
    <ClInclude Include="..\..\src\fwd\chunk\Mesher\base.hpp">
      <Filter>Source Files\fwd\chunk\Mesher</Filter>
    </ClInclude>
    <ClInclude Include="..\..\src\fwd\console\Console.hpp">
      <Filter>Source Files\fwd\console</Filter>
    </ClInclude>
    <ClInclude Include="..\..\src\fwd\event\Event.hpp">
      <Filter>Source Files\fwd\event</Filter>
    </ClInclude>
    <ClInclude Include="..\..\src\fwd\event\EventManager.hpp">
      <Filter>Source Files\fwd\event</Filter>
    </ClInclude>
    <ClInclude Include="..\..\src\fwd\event\EventType.hpp">
      <Filter>Source Files\fwd\event</Filter>
    </ClInclude>
    <ClInclude Include="..\..\src\fwd\graphics\color.hpp">
      <Filter>Source Files\fwd\graphics</Filter>
    </ClInclude>
    <ClInclude Include="..\..\src\fwd\graphics\image.hpp">
      <Filter>Source Files\fwd\graphics</Filter>
    </ClInclude>
    <ClInclude Include="..\..\src\fwd\graphics\GUI\Base.hpp">
      <Filter>Source Files\fwd\graphics\GUI</Filter>
    </ClInclude>
    <ClInclude Include="..\..\src\fwd\graphics\GUI\Widget\Base.hpp">
      <Filter>Source Files\fwd\graphics\GUI\Widget</Filter>
    </ClInclude>
    <ClInclude Include="..\..\src\fwd\graphics\GUI\Widget\Container.hpp">
      <Filter>Source Files\fwd\graphics\GUI\Widget</Filter>
    </ClInclude>
    <ClInclude Include="..\..\src\fwd\graphics\GUI\Widget\text_input.hpp">
      <Filter>Source Files\fwd\graphics\GUI\Widget</Filter>
    </ClInclude>
    <ClInclude Include="..\..\src\fwd\graphics\GUI\Widget\Component\Base.hpp">
      <Filter>Source Files\fwd\graphics\GUI\Widget\Component</Filter>
    </ClInclude>
    <ClInclude Include="..\..\src\fwd\physics\AABB.hpp">
      <Filter>Source Files\fwd\physics</Filter>
    </ClInclude>
    <ClInclude Include="..\..\src\fwd\physics\ray.hpp">
      <Filter>Source Files\fwd\physics</Filter>
    </ClInclude>
    <ClInclude Include="..\..\src\fwd\physics\raycast_hit.hpp">
      <Filter>Source Files\fwd\physics</Filter>
    </ClInclude>
    <ClInclude Include="..\..\src\fwd\position\block_in_chunk.hpp">
      <Filter>Source Files\fwd\position</Filter>
    </ClInclude>
    <ClInclude Include="..\..\src\fwd\position\block_in_world.hpp">
      <Filter>Source Files\fwd\position</Filter>
    </ClInclude>
    <ClInclude Include="..\..\src\fwd\position\chunk_in_world.hpp">
      <Filter>Source Files\fwd\position</Filter>
    </ClInclude>
    <ClInclude Include="..\..\src\fwd\storage\Interface.hpp">
      <Filter>Source Files\fwd\storage</Filter>
    </ClInclude>
    <ClInclude Include="..\..\src\fwd\util\char_press.hpp">
      <Filter>Source Files\fwd\util</Filter>
    </ClInclude>
    <ClInclude Include="..\..\src\fwd\util\key_mods.hpp">
      <Filter>Source Files\fwd\util</Filter>
    </ClInclude>
    <ClInclude Include="..\..\src\fwd\util\key_press.hpp">
      <Filter>Source Files\fwd\util</Filter>
    </ClInclude>
    <ClInclude Include="..\..\src\fwd\util\mouse_press.hpp">
      <Filter>Source Files\fwd\util</Filter>
    </ClInclude>
    <ClInclude Include="..\..\src\fwd\world\world.hpp">
      <Filter>Source Files\fwd\world</Filter>
    </ClInclude>
    <ClInclude Include="..\..\src\graphics\color.hpp">
      <Filter>Source Files\graphics</Filter>
    </ClInclude>
    <ClInclude Include="..\..\src\graphics\default_view_frustum.hpp">
      <Filter>Source Files\graphics</Filter>
    </ClInclude>
    <ClInclude Include="..\..\src\graphics\frustum.hpp">
      <Filter>Source Files\graphics</Filter>
    </ClInclude>
    <ClInclude Include="..\..\src\graphics\image.hpp">
      <Filter>Source Files\graphics</Filter>
    </ClInclude>
    <ClInclude Include="..\..\src\graphics\null_frustum.hpp">
      <Filter>Source Files\graphics</Filter>
    </ClInclude>
    <ClInclude Include="..\..\src\graphics\plane.hpp">
      <Filter>Source Files\graphics</Filter>
    </ClInclude>
    <ClInclude Include="..\..\src\graphics\primitive.hpp">
      <Filter>Source Files\graphics</Filter>
    </ClInclude>
    <ClInclude Include="..\..\src\graphics\render_target.hpp">
      <Filter>Source Files\graphics</Filter>
    </ClInclude>
    <ClInclude Include="..\..\src\graphics\render_world.hpp">
      <Filter>Source Files\graphics</Filter>
    </ClInclude>
    <ClInclude Include="..\..\src\graphics\text.hpp">
      <Filter>Source Files\graphics</Filter>
    </ClInclude>
    <ClInclude Include="..\..\src\graphics\GUI\Base.hpp">
      <Filter>Source Files\graphics\GUI</Filter>
    </ClInclude>
    <ClInclude Include="..\..\src\graphics\GUI\Console.hpp">
      <Filter>Source Files\graphics\GUI</Filter>
    </ClInclude>
    <ClInclude Include="..\..\src\graphics\GUI\light.hpp">
      <Filter>Source Files\graphics\GUI</Filter>
    </ClInclude>
    <ClInclude Include="..\..\src\graphics\GUI\Pause.hpp">
      <Filter>Source Files\graphics\GUI</Filter>
    </ClInclude>
    <ClInclude Include="..\..\src\graphics\GUI\Play.hpp">
      <Filter>Source Files\graphics\GUI</Filter>
    </ClInclude>
    <ClInclude Include="..\..\src\graphics\GUI\Widget\Base.hpp">
      <Filter>Source Files\graphics\GUI\Widget</Filter>
    </ClInclude>
    <ClInclude Include="..\..\src\graphics\GUI\Widget\Button.hpp">
      <Filter>Source Files\graphics\GUI\Widget</Filter>
    </ClInclude>
    <ClInclude Include="..\..\src\graphics\GUI\Widget\Container.hpp">
      <Filter>Source Files\graphics\GUI\Widget</Filter>
    </ClInclude>
    <ClInclude Include="..\..\src\graphics\GUI\Widget\Text.hpp">
      <Filter>Source Files\graphics\GUI\Widget</Filter>
    </ClInclude>
    <ClInclude Include="..\..\src\graphics\GUI\Widget\text_input.hpp">
      <Filter>Source Files\graphics\GUI\Widget</Filter>
    </ClInclude>
    <ClInclude Include="..\..\src\graphics\GUI\Widget\Component\Base.hpp">
      <Filter>Source Files\graphics\GUI\Widget\Component</Filter>
    </ClInclude>
    <ClInclude Include="..\..\src\graphics\GUI\Widget\Component\Text.hpp">
      <Filter>Source Files\graphics\GUI\Widget\Component</Filter>
    </ClInclude>
    <ClInclude Include="..\..\src\graphics\opengl\framebuffer.hpp">
      <Filter>Source Files\graphics\opengl</Filter>
    </ClInclude>
    <ClInclude Include="..\..\src\graphics\opengl\push_state.hpp">
      <Filter>Source Files\graphics\opengl</Filter>
    </ClInclude>
    <ClInclude Include="..\..\src\graphics\opengl\renderbuffer.hpp">
      <Filter>Source Files\graphics\opengl</Filter>
    </ClInclude>
    <ClInclude Include="..\..\src\graphics\opengl\shader_object.hpp">
      <Filter>Source Files\graphics\opengl</Filter>
    </ClInclude>
    <ClInclude Include="..\..\src\graphics\opengl\shader_program.hpp">
      <Filter>Source Files\graphics\opengl</Filter>
    </ClInclude>
    <ClInclude Include="..\..\src\graphics\opengl\texture.hpp">
      <Filter>Source Files\graphics\opengl</Filter>
    </ClInclude>
    <ClInclude Include="..\..\src\graphics\opengl\vertex_array.hpp">
      <Filter>Source Files\graphics\opengl</Filter>
    </ClInclude>
    <ClInclude Include="..\..\src\graphics\opengl\vertex_buffer.hpp">
      <Filter>Source Files\graphics\opengl</Filter>
    </ClInclude>
    <ClInclude Include="..\..\src\physics\AABB.hpp">
      <Filter>Source Files\physics</Filter>
    </ClInclude>
    <ClInclude Include="..\..\src\physics\ray.hpp">
      <Filter>Source Files\physics</Filter>
    </ClInclude>
    <ClInclude Include="..\..\src\physics\raycast_hit.hpp">
      <Filter>Source Files\physics</Filter>
    </ClInclude>
    <ClInclude Include="..\..\src\physics\raycast_util.hpp">
      <Filter>Source Files\physics</Filter>
    </ClInclude>
    <ClInclude Include="..\..\src\plugin\Plugin.hpp">
      <Filter>Source Files\plugin</Filter>
    </ClInclude>
    <ClInclude Include="..\..\src\plugin\PluginManager.hpp">
      <Filter>Source Files\plugin</Filter>
    </ClInclude>
    <ClInclude Include="..\..\src\position\block_in_chunk.hpp">
      <Filter>Source Files\position</Filter>
    </ClInclude>
    <ClInclude Include="..\..\src\position\block_in_world.hpp">
      <Filter>Source Files\position</Filter>
    </ClInclude>
    <ClInclude Include="..\..\src\position\chunk_in_world.hpp">
      <Filter>Source Files\position</Filter>
    </ClInclude>
    <ClInclude Include="..\..\src\position\hash.hpp">
      <Filter>Source Files\position</Filter>
    </ClInclude>
    <ClInclude Include="..\..\src\shim\propagate_const.hpp">
      <Filter>Source Files\shim</Filter>
    </ClInclude>
    <ClInclude Include="..\..\src\storage\Interface.hpp">
      <Filter>Source Files\storage</Filter>
    </ClInclude>
    <ClInclude Include="..\..\src\storage\msgpack_util.hpp">
      <Filter>Source Files\storage</Filter>
    </ClInclude>
    <ClInclude Include="..\..\src\storage\world_file.hpp">
      <Filter>Source Files\storage</Filter>
    </ClInclude>
    <ClInclude Include="..\..\src\storage\msgpack\block.hpp">
      <Filter>Source Files\storage\msgpack</Filter>
    </ClInclude>
    <ClInclude Include="..\..\src\storage\msgpack\block_type.hpp">
      <Filter>Source Files\storage\msgpack</Filter>
    </ClInclude>
    <ClInclude Include="..\..\src\storage\msgpack\Chunk.hpp">
      <Filter>Source Files\storage\msgpack</Filter>
    </ClInclude>
    <ClInclude Include="..\..\src\storage\msgpack\ChunkData.hpp">
      <Filter>Source Files\storage\msgpack</Filter>
    </ClInclude>
    <ClInclude Include="..\..\src\storage\msgpack\color.hpp">
      <Filter>Source Files\storage\msgpack</Filter>
    </ClInclude>
    <ClInclude Include="..\..\src\storage\msgpack\glm_vec3.hpp">
      <Filter>Source Files\storage\msgpack</Filter>
    </ClInclude>
    <ClInclude Include="..\..\src\storage\msgpack\glm_vec4.hpp">
      <Filter>Source Files\storage\msgpack</Filter>
    </ClInclude>
    <ClInclude Include="..\..\src\storage\msgpack\Player.hpp">
      <Filter>Source Files\storage\msgpack</Filter>
    </ClInclude>
    <ClInclude Include="..\..\src\storage\msgpack\Property.hpp">
      <Filter>Source Files\storage\msgpack</Filter>
    </ClInclude>
    <ClInclude Include="..\..\src\storage\msgpack\world.hpp">
      <Filter>Source Files\storage\msgpack</Filter>
    </ClInclude>
    <ClInclude Include="..\..\src\types\window_size_t.hpp">
      <Filter>Source Files\types</Filter>
    </ClInclude>
    <ClInclude Include="..\..\src\util\char_press.hpp">
      <Filter>Source Files\util</Filter>
    </ClInclude>
    <ClInclude Include="..\..\src\util\clipboard.hpp">
      <Filter>Source Files\util</Filter>
    </ClInclude>
    <ClInclude Include="..\..\src\util\compiler_info.hpp">
      <Filter>Source Files\util</Filter>
    </ClInclude>
    <ClInclude Include="..\..\src\util\copy_stream.hpp">
      <Filter>Source Files\util</Filter>
    </ClInclude>
    <ClInclude Include="..\..\src\util\demangled_name.hpp">
      <Filter>Source Files\util</Filter>
    </ClInclude>
    <ClInclude Include="..\..\src\util\filesystem.hpp">
      <Filter>Source Files\util</Filter>
    </ClInclude>
    <ClInclude Include="..\..\src\util\FileWatcher.hpp">
      <Filter>Source Files\util</Filter>
    </ClInclude>
    <ClInclude Include="..\..\src\util\gui_parser.hpp">
      <Filter>Source Files\util</Filter>
    </ClInclude>
    <ClInclude Include="..\..\src\util\key_mods.hpp">
      <Filter>Source Files\util</Filter>
    </ClInclude>
    <ClInclude Include="..\..\src\util\key_press.hpp">
      <Filter>Source Files\util</Filter>
    </ClInclude>
    <ClInclude Include="..\..\src\util\logger.hpp">
      <Filter>Source Files\util</Filter>
    </ClInclude>
    <ClInclude Include="..\..\src\util\misc.hpp">
      <Filter>Source Files\util</Filter>
    </ClInclude>
    <ClInclude Include="..\..\src\util\mouse_press.hpp">
      <Filter>Source Files\util</Filter>
    </ClInclude>
    <ClInclude Include="..\..\src\util\Property.hpp">
      <Filter>Source Files\util</Filter>
    </ClInclude>
    <ClInclude Include="..\..\src\util\ThreadThingy.hpp">
      <Filter>Source Files\util</Filter>
    </ClInclude>
    <ClInclude Include="..\..\src\util\unicode.hpp">
      <Filter>Source Files\util</Filter>
    </ClInclude>
    <ClInclude Include="..\..\src\world\world.hpp">
      <Filter>Source Files\world</Filter>
    </ClInclude>
  </ItemGroup>
</Project>