<?xml version="1.0" encoding="UTF-8" standalone="yes" ?>
<CodeBlocks_project_file>
	<FileVersion major="1" minor="6" />
	<Project>
		<Option title="block_thingy" />
		<Option pch_mode="2" />
		<Option compiler="clang" />
		<Build>
			<Target title="Debug">
				<Option platforms="Unix;" />
				<Option output="bin/block_thingy_d" prefix_auto="1" extension_auto="1" />
				<Option object_output="obj/Debug/" />
				<Option type="1" />
				<Option compiler="clang" />
				<Compiler>
					<Add option="-g" />
					<Add option="-fsanitize=undefined,integer" />
					<Add option="-DCOOL_DEBUG_STUFF" />
				</Compiler>
				<Linker>
					<Add option="-fsanitize=undefined,integer" />
					<Add library="obj/Debug/glad.o" />
				</Linker>
			</Target>
			<Target title="Release">
				<Option platforms="Unix;" />
				<Option output="bin/block_thingy_r" prefix_auto="1" extension_auto="1" />
				<Option object_output="obj/Release/" />
				<Option type="1" />
				<Option compiler="clang" />
				<Compiler>
					<Add option="-fomit-frame-pointer" />
					<Add option="-O3" />
					<Add option="-g" />
				</Compiler>
				<Linker>
					<Add library="obj/Release/glad.o" />
				</Linker>
			</Target>
		</Build>
		<Compiler>
			<Add option="-Weverything" />
			<Add option="-std=c++14" />
			<Add option="-fexceptions" />
			<Add option="-isystem lib" />
			<Add option="-Wno-c++98-compat-pedantic" />
			<Add option="-Wno-newline-eof" />
			<Add option="-Wno-missing-prototypes" />
			<Add option="-Wno-shadow" />
			<Add option="-Wno-padded" />
			<Add option="-Werror=unknown-warning-option" />
			<Add option="-Werror=unknown-pragmas" />
			<Add option="-Werror=delete-incomplete" />
			<Add option="-Werror=deprecated" />
			<Add option="-Werror=return-type" />
			<Add option="-Werror=extra-tokens" />
			<Add option="-Werror=invalid-pp-token" />
			<Add option="-DUSE_LIBPNG" />
			<Add directory="src" />
		</Compiler>
		<Linker>
			<Add option="`pkg-config --static --libs glfw3`" />
			<Add option="-lpng" />
			<Add option="-lPocoFoundation" />
		</Linker>
		<Unit filename="src/Block.cpp" />
		<Unit filename="src/Block.hpp" />
		<Unit filename="src/BlockType.hpp" />
		<Unit filename="src/Camera.cpp" />
		<Unit filename="src/Camera.hpp" />
		<Unit filename="src/Cube.cpp" />
		<Unit filename="src/Cube.hpp" />
		<Unit filename="src/FPSManager.hpp" />
		<Unit filename="src/Game.cpp" />
		<Unit filename="src/Game.hpp" />
		<Unit filename="src/Gfx.cpp" />
		<Unit filename="src/Gfx.hpp" />
		<Unit filename="src/Player.cpp" />
		<Unit filename="src/Player.hpp" />
		<Unit filename="src/Util.cpp" />
		<Unit filename="src/Util.hpp" />
		<Unit filename="src/World.cpp" />
		<Unit filename="src/World.hpp" />
		<Unit filename="src/chunk/Chunk.cpp" />
		<Unit filename="src/chunk/Chunk.hpp" />
		<Unit filename="src/chunk/mesh/ChunkMesher.cpp" />
		<Unit filename="src/chunk/mesh/ChunkMesher.hpp" />
		<Unit filename="src/chunk/mesh/GreedyMesher.cpp" />
		<Unit filename="src/chunk/mesh/GreedyMesher.hpp" />
		<Unit filename="src/chunk/mesh/SimpleMesher.cpp" />
		<Unit filename="src/chunk/mesh/SimpleMesher.hpp" />
		<Unit filename="src/console/ArgumentParser.cpp" />
		<Unit filename="src/console/ArgumentParser.hpp" />
		<Unit filename="src/console/Command.cpp" />
		<Unit filename="src/console/Command.hpp" />
		<Unit filename="src/console/Console.cpp" />
		<Unit filename="src/console/Console.hpp" />
		<Unit filename="src/console/KeybindManager.cpp" />
		<Unit filename="src/console/KeybindManager.hpp" />
		<Unit filename="src/event/Event.cpp" />
		<Unit filename="src/event/Event.hpp" />
		<Unit filename="src/event/EventManager.cpp" />
		<Unit filename="src/event/EventManager.hpp" />
		<Unit filename="src/event/EventType.hpp" />
		<Unit filename="src/event/type/Event_window_size_change.cpp" />
		<Unit filename="src/event/type/Event_window_size_change.hpp" />
		<Unit filename="src/graphics/OpenGL/ShaderObject.cpp" />
		<Unit filename="src/graphics/OpenGL/ShaderObject.hpp" />
		<Unit filename="src/graphics/OpenGL/ShaderProgram.cpp" />
		<Unit filename="src/graphics/OpenGL/ShaderProgram.hpp" />
		<Unit filename="src/graphics/OpenGL/VertexArray.cpp" />
		<Unit filename="src/graphics/OpenGL/VertexArray.hpp" />
		<Unit filename="src/graphics/OpenGL/VertexBuffer.cpp" />
		<Unit filename="src/graphics/OpenGL/VertexBuffer.hpp" />
		<Unit filename="src/graphics/RenderWorld.cpp" />
		<Unit filename="src/graphics/RenderWorld.hpp" />
		<Unit filename="src/graphics/primitive.hpp" />
		<Unit filename="src/gui/GUI.cpp" />
		<Unit filename="src/gui/GUI.hpp" />
		<Unit filename="src/main.cpp" />
		<Unit filename="src/physics/PhysicsUtil.cpp" />
		<Unit filename="src/physics/PhysicsUtil.hpp" />
		<Unit filename="src/physics/RaytraceHit.cpp" />
		<Unit filename="src/physics/RaytraceHit.hpp" />
		<Unit filename="src/position/BlockInChunk.cpp" />
		<Unit filename="src/position/BlockInChunk.hpp" />
		<Unit filename="src/position/BlockInWorld.cpp" />
		<Unit filename="src/position/BlockInWorld.hpp" />
		<Unit filename="src/position/ChunkInWorld.cpp" />
		<Unit filename="src/position/ChunkInWorld.hpp" />
		<Unit filename="src/std_make_unique.hpp" />
		<Unit filename="src/util/Property.hpp" />
		<Extensions>
			<code_completion />
			<debugger />
			<envvars />
		</Extensions>
	</Project>
</CodeBlocks_project_file>
